
Microsoft Visual Studio Solution File, Format Version 12.00
# Visual Studio Version 16
VisualStudioVersion = 16.0.31424.327
MinimumVisualStudioVersion = 10.0.40219.1
Project("{FAE04EC0-301F-11D3-BF4B-00C04F79EFBC}") = "ApiCategory", "ApiCategory\ApiCategory.csproj", "{D6D4F12A-C440-41B4-BD3C-E9532DC11EB8}"
EndProject
Project("{FAE04EC0-301F-11D3-BF4B-00C04F79EFBC}") = "Data", "Data\Data.csproj", "{364D2977-1371-41C3-B20F-4A4AA0D19A24}"
EndProject
Global
	GlobalSection(SolutionConfigurationPlatforms) = preSolution
		Debug|Any CPU = Debug|Any CPU
		Release|Any CPU = Release|Any CPU
	EndGlobalSection
	GlobalSection(ProjectConfigurationPlatforms) = postSolution
		{D6D4F12A-C440-41B4-BD3C-E9532DC11EB8}.Debug|Any CPU.ActiveCfg = Debug|Any CPU
		{D6D4F12A-C440-41B4-BD3C-E9532DC11EB8}.Debug|Any CPU.Build.0 = Debug|Any CPU
		{D6D4F12A-C440-41B4-BD3C-E9532DC11EB8}.Release|Any CPU.ActiveCfg = Release|Any CPU
		{D6D4F12A-C440-41B4-BD3C-E9532DC11EB8}.Release|Any CPU.Build.0 = Release|Any CPU
		{364D2977-1371-41C3-B20F-4A4AA0D19A24}.Debug|Any CPU.ActiveCfg = Debug|Any CPU
		{364D2977-1371-41C3-B20F-4A4AA0D19A24}.Debug|Any CPU.Build.0 = Debug|Any CPU
		{364D2977-1371-41C3-B20F-4A4AA0D19A24}.Release|Any CPU.ActiveCfg = Release|Any CPU
		{364D2977-1371-41C3-B20F-4A4AA0D19A24}.Release|Any CPU.Build.0 = Release|Any CPU
	EndGlobalSection
	GlobalSection(SolutionProperties) = preSolution
		HideSolutionNode = FALSE
	EndGlobalSection
	GlobalSection(ExtensibilityGlobals) = postSolution
		SolutionGuid = {F1C65B2F-2032-4D60-B4C2-84C0B312BD7B}
	EndGlobalSection
EndGlobal
